
Microsoft Visual Studio Solution File, Format Version 12.00
# Visual Studio Version 17
VisualStudioVersion = 17.11.35222.181
MinimumVisualStudioVersion = 10.0.40219.1
Project("{FAE04EC0-301F-11D3-BF4B-00C04F79EFBC}") = "LuuNguyenAiNgan_bt08", "LuuNguyenAiNgan_bt08\LuuNguyenAiNgan_bt08.csproj", "{6C306D38-C66E-4713-A2BB-FC3C6FB4BDE7}"
EndProject
Global
	GlobalSection(SolutionConfigurationPlatforms) = preSolution
		Debug|Any CPU = Debug|Any CPU
		Release|Any CPU = Release|Any CPU
	EndGlobalSection
	GlobalSection(ProjectConfigurationPlatforms) = postSolution
		{6C306D38-C66E-4713-A2BB-FC3C6FB4BDE7}.Debug|Any CPU.ActiveCfg = Debug|Any CPU
		{6C306D38-C66E-4713-A2BB-FC3C6FB4BDE7}.Debug|Any CPU.Build.0 = Debug|Any CPU
		{6C306D38-C66E-4713-A2BB-FC3C6FB4BDE7}.Release|Any CPU.ActiveCfg = Release|Any CPU
		{6C306D38-C66E-4713-A2BB-FC3C6FB4BDE7}.Release|Any CPU.Build.0 = Release|Any CPU
	EndGlobalSection
	GlobalSection(SolutionProperties) = preSolution
		HideSolutionNode = FALSE
	EndGlobalSection
	GlobalSection(ExtensibilityGlobals) = postSolution
		SolutionGuid = {B0F02032-3E4A-4E96-AC77-12FFA13B5FE5}
	EndGlobalSection
EndGlobal
